// !$*UTF8*$!
{
	archiveVersion = 1;
	classes = {
	};
	objectVersion = 48;
	objects = {

/* Begin PBXBuildFile section */
		F4E4491C228B146F003120E9 /* AppDelegate.swift in Sources */ = {isa = PBXBuildFile; fileRef = F4E4491B228B146F003120E9 /* AppDelegate.swift */; };
		F4E4491E228B146F003120E9 /* Scene.sks in Resources */ = {isa = PBXBuildFile; fileRef = F4E4491D228B146F003120E9 /* Scene.sks */; };
		F4E44920228B146F003120E9 /* Scene.swift in Sources */ = {isa = PBXBuildFile; fileRef = F4E4491F228B146F003120E9 /* Scene.swift */; };
		F4E44922228B146F003120E9 /* ViewController.swift in Sources */ = {isa = PBXBuildFile; fileRef = F4E44921228B146F003120E9 /* ViewController.swift */; };
		F4E44925228B146F003120E9 /* Main.storyboard in Resources */ = {isa = PBXBuildFile; fileRef = F4E44923228B146F003120E9 /* Main.storyboard */; };
		F4E44927228B1470003120E9 /* Assets.xcassets in Resources */ = {isa = PBXBuildFile; fileRef = F4E44926228B1470003120E9 /* Assets.xcassets */; };
		F4E4492A228B1470003120E9 /* LaunchScreen.storyboard in Resources */ = {isa = PBXBuildFile; fileRef = F4E44928228B1470003120E9 /* LaunchScreen.storyboard */; };
		F4E44932228B1484003120E9 /* SwiftJSON.swift in Sources */ = {isa = PBXBuildFile; fileRef = F4E44931228B1484003120E9 /* SwiftJSON.swift */; };
/* End PBXBuildFile section */

/* Begin PBXFileReference section */
		F4E44918228B146F003120E9 /* Que ver cerca de mi.app */ = {isa = PBXFileReference; explicitFileType = wrapper.application; includeInIndex = 0; path = "Que ver cerca de mi.app"; sourceTree = BUILT_PRODUCTS_DIR; };
		F4E4491B228B146F003120E9 /* AppDelegate.swift */ = {isa = PBXFileReference; lastKnownFileType = sourcecode.swift; path = AppDelegate.swift; sourceTree = "<group>"; };
		F4E4491D228B146F003120E9 /* Scene.sks */ = {isa = PBXFileReference; lastKnownFileType = file.sks; path = Scene.sks; sourceTree = "<group>"; };
		F4E4491F228B146F003120E9 /* Scene.swift */ = {isa = PBXFileReference; lastKnownFileType = sourcecode.swift; path = Scene.swift; sourceTree = "<group>"; };
		F4E44921228B146F003120E9 /* ViewController.swift */ = {isa = PBXFileReference; lastKnownFileType = sourcecode.swift; path = ViewController.swift; sourceTree = "<group>"; };
		F4E44924228B146F003120E9 /* Base */ = {isa = PBXFileReference; lastKnownFileType = file.storyboard; name = Base; path = Base.lproj/Main.storyboard; sourceTree = "<group>"; };
		F4E44926228B1470003120E9 /* Assets.xcassets */ = {isa = PBXFileReference; lastKnownFileType = folder.assetcatalog; path = Assets.xcassets; sourceTree = "<group>"; };
		F4E44929228B1470003120E9 /* Base */ = {isa = PBXFileReference; lastKnownFileType = file.storyboard; name = Base; path = Base.lproj/LaunchScreen.storyboard; sourceTree = "<group>"; };
		F4E4492B228B1470003120E9 /* Info.plist */ = {isa = PBXFileReference; lastKnownFileType = text.plist.xml; path = Info.plist; sourceTree = "<group>"; };
		F4E44931228B1484003120E9 /* SwiftJSON.swift */ = {isa = PBXFileReference; fileEncoding = 4; lastKnownFileType = sourcecode.swift; path = SwiftJSON.swift; sourceTree = "<group>"; };
/* End PBXFileReference section */

/* Begin PBXFrameworksBuildPhase section */
		F4E44915228B146F003120E9 /* Frameworks */ = {
			isa = PBXFrameworksBuildPhase;
			buildActionMask = 2147483647;
			files = (
			);
			runOnlyForDeploymentPostprocessing = 0;
		};
/* End PBXFrameworksBuildPhase section */

/* Begin PBXGroup section */
		F4E4490F228B146F003120E9 = {
			isa = PBXGroup;
			children = (
				F4E4491A228B146F003120E9 /* Que ver cerca de mi */,
				F4E44919228B146F003120E9 /* Products */,
			);
			sourceTree = "<group>";
		};
		F4E44919228B146F003120E9 /* Products */ = {
			isa = PBXGroup;
			children = (
				F4E44918228B146F003120E9 /* Que ver cerca de mi.app */,
			);
			name = Products;
			sourceTree = "<group>";
		};
		F4E4491A228B146F003120E9 /* Que ver cerca de mi */ = {
			isa = PBXGroup;
			children = (
				F4E44931228B1484003120E9 /* SwiftJSON.swift */,
				F4E4491B228B146F003120E9 /* AppDelegate.swift */,
				F4E4491D228B146F003120E9 /* Scene.sks */,
				F4E4491F228B146F003120E9 /* Scene.swift */,
				F4E44921228B146F003120E9 /* ViewController.swift */,
				F4E44923228B146F003120E9 /* Main.storyboard */,
				F4E44926228B1470003120E9 /* Assets.xcassets */,
				F4E44928228B1470003120E9 /* LaunchScreen.storyboard */,
				F4E4492B228B1470003120E9 /* Info.plist */,
			);
			path = "Que ver cerca de mi";
			sourceTree = "<group>";
		};
/* End PBXGroup section */

/* Begin PBXNativeTarget section */
		F4E44917228B146F003120E9 /* Que ver cerca de mi */ = {
			isa = PBXNativeTarget;
			buildConfigurationList = F4E4492E228B1470003120E9 /* Build configuration list for PBXNativeTarget "Que ver cerca de mi" */;
			buildPhases = (
				F4E44914228B146F003120E9 /* Sources */,
				F4E44915228B146F003120E9 /* Frameworks */,
				F4E44916228B146F003120E9 /* Resources */,
			);
			buildRules = (
			);
			dependencies = (
			);
			name = "Que ver cerca de mi";
			productName = "Que ver cerca de mi";
			productReference = F4E44918228B146F003120E9 /* Que ver cerca de mi.app */;
			productType = "com.apple.product-type.application";
		};
/* End PBXNativeTarget section */

/* Begin PBXProject section */
		F4E44910228B146F003120E9 /* Project object */ = {
			isa = PBXProject;
			attributes = {
				LastSwiftUpdateCheck = 1020;
				LastUpgradeCheck = 1020;
				ORGANIZATIONNAME = marlonhr;
				TargetAttributes = {
					F4E44917228B146F003120E9 = {
						CreatedOnToolsVersion = 10.2;
						ProvisioningStyle = Automatic;
					};
				};
			};
			buildConfigurationList = F4E44913228B146F003120E9 /* Build configuration list for PBXProject "Que ver cerca de mi" */;
			compatibilityVersion = "Xcode 8.0";
			developmentRegion = en;
			hasScannedForEncodings = 0;
			knownRegions = (
				en,
				Base,
			);
			mainGroup = F4E4490F228B146F003120E9;
			productRefGroup = F4E44919228B146F003120E9 /* Products */;
			projectDirPath = "";
			projectRoot = "";
			targets = (
				F4E44917228B146F003120E9 /* Que ver cerca de mi */,
			);
		};
/* End PBXProject section */

/* Begin PBXResourcesBuildPhase section */
		F4E44916228B146F003120E9 /* Resources */ = {
			isa = PBXResourcesBuildPhase;
			buildActionMask = 2147483647;
			files = (
				F4E4491E228B146F003120E9 /* Scene.sks in Resources */,
				F4E4492A228B1470003120E9 /* LaunchScreen.storyboard in Resources */,
				F4E44927228B1470003120E9 /* Assets.xcassets in Resources */,
				F4E44925228B146F003120E9 /* Main.storyboard in Resources */,
			);
			runOnlyForDeploymentPostprocessing = 0;
		};
/* End PBXResourcesBuildPhase section */

/* Begin PBXSourcesBuildPhase section */
		F4E44914228B146F003120E9 /* Sources */ = {
			isa = PBXSourcesBuildPhase;
			buildActionMask = 2147483647;
			files = (
				F4E44922228B146F003120E9 /* ViewController.swift in Sources */,
				F4E44932228B1484003120E9 /* SwiftJSON.swift in Sources */,
				F4E44920228B146F003120E9 /* Scene.swift in Sources */,
				F4E4491C228B146F003120E9 /* AppDelegate.swift in Sources */,
			);
			runOnlyForDeploymentPostprocessing = 0;
		};
/* End PBXSourcesBuildPhase section */

/* Begin PBXVariantGroup section */
		F4E44923228B146F003120E9 /* Main.storyboard */ = {
			isa = PBXVariantGroup;
			children = (
				F4E44924228B146F003120E9 /* Base */,
			);
			name = Main.storyboard;
			sourceTree = "<group>";
		};
		F4E44928228B1470003120E9 /* LaunchScreen.storyboard */ = {
			isa = PBXVariantGroup;
			children = (
				F4E44929228B1470003120E9 /* Base */,
			);
			name = LaunchScreen.storyboard;
			sourceTree = "<group>";
		};
/* End PBXVariantGroup section */

/* Begin XCBuildConfiguration section */
		F4E4492C228B1470003120E9 /* Debug */ = {
			isa = XCBuildConfiguration;
			buildSettings = {
				ALWAYS_SEARCH_USER_PATHS = NO;
				CLANG_ANALYZER_NONNULL = YES;
				CLANG_ANALYZER_NUMBER_OBJECT_CONVERSION = YES_AGGRESSIVE;
				CLANG_CXX_LANGUAGE_STANDARD = "gnu++14";
				CLANG_CXX_LIBRARY = "libc++";
				CLANG_ENABLE_MODULES = YES;
				CLANG_ENABLE_OBJC_ARC = YES;
				CLANG_ENABLE_OBJC_WEAK = YES;
				CLANG_WARN_BLOCK_CAPTURE_AUTORELEASING = YES;
				CLANG_WARN_BOOL_CONVERSION = YES;
				CLANG_WARN_COMMA = YES;
				CLANG_WARN_CONSTANT_CONVERSION = YES;
				CLANG_WARN_DEPRECATED_OBJC_IMPLEMENTATIONS = YES;
				CLANG_WARN_DIRECT_OBJC_ISA_USAGE = YES_ERROR;
				CLANG_WARN_DOCUMENTATION_COMMENTS = YES;
				CLANG_WARN_EMPTY_BODY = YES;
				CLANG_WARN_ENUM_CONVERSION = YES;
				CLANG_WARN_INFINITE_RECURSION = YES;
				CLANG_WARN_INT_CONVERSION = YES;
				CLANG_WARN_NON_LITERAL_NULL_CONVERSION = YES;
				CLANG_WARN_OBJC_IMPLICIT_RETAIN_SELF = YES;
				CLANG_WARN_OBJC_LITERAL_CONVERSION = YES;
				CLANG_WARN_OBJC_ROOT_CLASS = YES_ERROR;
				CLANG_WARN_RANGE_LOOP_ANALYSIS = YES;
				CLANG_WARN_STRICT_PROTOTYPES = YES;
				CLANG_WARN_SUSPICIOUS_MOVE = YES;
				CLANG_WARN_UNGUARDED_AVAILABILITY = YES_AGGRESSIVE;
				CLANG_WARN_UNREACHABLE_CODE = YES;
				CLANG_WARN__DUPLICATE_METHOD_MATCH = YES;
				CODE_SIGN_IDENTITY = "iPhone Developer";
				COPY_PHASE_STRIP = NO;
				DEBUG_INFORMATION_FORMAT = dwarf;
				ENABLE_STRICT_OBJC_MSGSEND = YES;
				ENABLE_TESTABILITY = YES;
				GCC_C_LANGUAGE_STANDARD = gnu11;
				GCC_DYNAMIC_NO_PIC = NO;
				GCC_NO_COMMON_BLOCKS = YES;
				GCC_OPTIMIZATION_LEVEL = 0;
				GCC_PREPROCESSOR_DEFINITIONS = (
					"DEBUG=1",
					"$(inherited)",
				);
				GCC_WARN_64_TO_32_BIT_CONVERSION = YES;
				GCC_WARN_ABOUT_RETURN_TYPE = YES_ERROR;
				GCC_WARN_UNDECLARED_SELECTOR = YES;
				GCC_WARN_UNINITIALIZED_AUTOS = YES_AGGRESSIVE;
				GCC_WARN_UNUSED_FUNCTION = YES;
				GCC_WARN_UNUSED_VARIABLE = YES;
				IPHONEOS_DEPLOYMENT_TARGET = 12.2;
				MTL_ENABLE_DEBUG_INFO = INCLUDE_SOURCE;
				MTL_FAST_MATH = YES;
				ONLY_ACTIVE_ARCH = YES;
				SDKROOT = iphoneos;
				SWIFT_ACTIVE_COMPILATION_CONDITIONS = DEBUG;
				SWIFT_OPTIMIZATION_LEVEL = "-Onone";
			};
			name = Debug;
		};
		F4E4492D228B1470003120E9 /* Release */ = {
			isa = XCBuildConfiguration;
			buildSettings = {
				ALWAYS_SEARCH_USER_PATHS = NO;
				CLANG_ANALYZER_NONNULL = YES;
				CLANG_ANALYZER_NUMBER_OBJECT_CONVERSION = YES_AGGRESSIVE;
				CLANG_CXX_LANGUAGE_STANDARD = "gnu++14";
				CLANG_CXX_LIBRARY = "libc++";
				CLANG_ENABLE_MODULES = YES;
				CLANG_ENABLE_OBJC_ARC = YES;
				CLANG_ENABLE_OBJC_WEAK = YES;
				CLANG_WARN_BLOCK_CAPTURE_AUTORELEASING = YES;
				CLANG_WARN_BOOL_CONVERSION = YES;
				CLANG_WARN_COMMA = YES;
				CLANG_WARN_CONSTANT_CONVERSION = YES;
				CLANG_WARN_DEPRECATED_OBJC_IMPLEMENTATIONS = YES;
				CLANG_WARN_DIRECT_OBJC_ISA_USAGE = YES_ERROR;
				CLANG_WARN_DOCUMENTATION_COMMENTS = YES;
				CLANG_WARN_EMPTY_BODY = YES;
				CLANG_WARN_ENUM_CONVERSION = YES;
				CLANG_WARN_INFINITE_RECURSION = YES;
				CLANG_WARN_INT_CONVERSION = YES;
				CLANG_WARN_NON_LITERAL_NULL_CONVERSION = YES;
				CLANG_WARN_OBJC_IMPLICIT_RETAIN_SELF = YES;
				CLANG_WARN_OBJC_LITERAL_CONVERSION = YES;
				CLANG_WARN_OBJC_ROOT_CLASS = YES_ERROR;
				CLANG_WARN_RANGE_LOOP_ANALYSIS = YES;
				CLANG_WARN_STRICT_PROTOTYPES = YES;
				CLANG_WARN_SUSPICIOUS_MOVE = YES;
				CLANG_WARN_UNGUARDED_AVAILABILITY = YES_AGGRESSIVE;
				CLANG_WARN_UNREACHABLE_CODE = YES;
				CLANG_WARN__DUPLICATE_METHOD_MATCH = YES;
				CODE_SIGN_IDENTITY = "iPhone Developer";
				COPY_PHASE_STRIP = NO;
				DEBUG_INFORMATION_FORMAT = "dwarf-with-dsym";
				ENABLE_NS_ASSERTIONS = NO;
				ENABLE_STRICT_OBJC_MSGSEND = YES;
				GCC_C_LANGUAGE_STANDARD = gnu11;
				GCC_NO_COMMON_BLOCKS = YES;
				GCC_WARN_64_TO_32_BIT_CONVERSION = YES;
				GCC_WARN_ABOUT_RETURN_TYPE = YES_ERROR;
				GCC_WARN_UNDECLARED_SELECTOR = YES;
				GCC_WARN_UNINITIALIZED_AUTOS = YES_AGGRESSIVE;
				GCC_WARN_UNUSED_FUNCTION = YES;
				GCC_WARN_UNUSED_VARIABLE = YES;
				IPHONEOS_DEPLOYMENT_TARGET = 12.2;
				MTL_ENABLE_DEBUG_INFO = NO;
				MTL_FAST_MATH = YES;
				SDKROOT = iphoneos;
				SWIFT_OPTIMIZATION_LEVEL = "-Owholemodule";
				VALIDATE_PRODUCT = YES;
			};
			name = Release;
		};
		F4E4492F228B1470003120E9 /* Debug */ = {
			isa = XCBuildConfiguration;
			buildSettings = {
				ASSETCATALOG_COMPILER_APPICON_NAME = AppIcon;
				CODE_SIGN_STYLE = Automatic;
				DEVELOPMENT_TEAM = HY8L8XB5EG;
				INFOPLIST_FILE = "Que ver cerca de mi/Info.plist";
				IPHONEOS_DEPLOYMENT_TARGET = 11.0;
				LD_RUNPATH_SEARCH_PATHS = "$(inherited) @executable_path/Frameworks";
				PRODUCT_BUNDLE_IDENTIFIER = "com.mhernandez.Que-ver-cerca-de-mi";
				PRODUCT_NAME = "$(TARGET_NAME)";
				SWIFT_VERSION = 5.0;
				TARGETED_DEVICE_FAMILY = "1,2";
			};
			name = Debug;
		};
		F4E44930228B1470003120E9 /* Release */ = {
			isa = XCBuildConfiguration;
			buildSettings = {
				ASSETCATALOG_COMPILER_APPICON_NAME = AppIcon;
				CODE_SIGN_STYLE = Automatic;
				DEVELOPMENT_TEAM = HY8L8XB5EG;
				INFOPLIST_FILE = "Que ver cerca de mi/Info.plist";
				IPHONEOS_DEPLOYMENT_TARGET = 11.0;
				LD_RUNPATH_SEARCH_PATHS = "$(inherited) @executable_path/Frameworks";
				PRODUCT_BUNDLE_IDENTIFIER = "com.mhernandez.Que-ver-cerca-de-mi";
				PRODUCT_NAME = "$(TARGET_NAME)";
				SWIFT_VERSION = 5.0;
				TARGETED_DEVICE_FAMILY = "1,2";
			};
			name = Release;
		};
/* End XCBuildConfiguration section */

/* Begin XCConfigurationList section */
		F4E44913228B146F003120E9 /* Build configuration list for PBXProject "Que ver cerca de mi" */ = {
			isa = XCConfigurationList;
			buildConfigurations = (
				F4E4492C228B1470003120E9 /* Debug */,
				F4E4492D228B1470003120E9 /* Release */,
			);
			defaultConfigurationIsVisible = 0;
			defaultConfigurationName = Release;
		};
		F4E4492E228B1470003120E9 /* Build configuration list for PBXNativeTarget "Que ver cerca de mi" */ = {
			isa = XCConfigurationList;
			buildConfigurations = (
				F4E4492F228B1470003120E9 /* Debug */,
				F4E44930228B1470003120E9 /* Release */,
			);
			defaultConfigurationIsVisible = 0;
			defaultConfigurationName = Release;
		};
/* End XCConfigurationList section */
	};
	rootObject = F4E44910228B146F003120E9 /* Project object */;
}
